{
  "requires": true,
  "lockfileVersion": 1,
  "dependencies": {
    "baseguide": {
      "version": "2.0.0",
      "resolved": "https://registry.npmjs.org/baseguide/-/baseguide-2.0.0.tgz",
      "integrity": "sha512-Eihi9pEkRGJkEtiU8v1dEkWvpKANzywub6wfjCu/tF9KNCtJWpQCDQA01ULFyDMTmynwFbHbaThHK46y18+PWA=="
    }
  }
}
